
Microsoft Visual Studio Solution File, Format Version 12.00
# Visual Studio Version 17
VisualStudioVersion = 17.13.35931.197 d17.13
MinimumVisualStudioVersion = 10.0.40219.1
Project("{FAE04EC0-301F-11D3-BF4B-00C04F79EFBC}") = "IdentityService", "PaymentService\IdentityService.csproj", "{C64BD17B-A3D2-4C62-879F-3E91EE950515}"
EndProject
Project("{FAE04EC0-301F-11D3-BF4B-00C04F79EFBC}") = "IdentityService.Api", "PaymentService.Api\IdentityService.Api.csproj", "{0E34F68A-259F-4AC6-ACA2-E8BA98A3FBCA}"
EndProject
Project("{FAE04EC0-301F-11D3-BF4B-00C04F79EFBC}") = "IdentityService.Test", "PaymentService.Test\IdentityService.Test.csproj", "{41953B29-E717-4F40-A810-759FBC268F12}"
EndProject
Project("{FAE04EC0-301F-11D3-BF4B-00C04F79EFBC}") = "ProductService", "ProductService\ProductService.csproj", "{9C4302E5-3B9C-4381-8830-1A3FDCBB35F2}"
EndProject
Project("{FAE04EC0-301F-11D3-BF4B-00C04F79EFBC}") = "ProductService.Api", "ProductService.Api\ProductService.Api.csproj", "{AB1041CD-C41B-472B-BD4A-E7FA23DEE1FD}"
EndProject
Project("{FAE04EC0-301F-11D3-BF4B-00C04F79EFBC}") = "ProductService.Test", "ProductService.Test\ProductService.Test.csproj", "{362E2689-E1CE-478F-81FA-C28DF5402E0D}"
EndProject
Project("{FAE04EC0-301F-11D3-BF4B-00C04F79EFBC}") = "OfferService", "OfferService\OfferService.csproj", "{82992C01-CBF9-4C90-9706-807EF57BA45D}"
EndProject
Project("{FAE04EC0-301F-11D3-BF4B-00C04F79EFBC}") = "OfferService.Api", "OfferService.Api\OfferService.Api.csproj", "{A4C60F13-3807-487A-AD06-8F7604C07AA2}"
EndProject
Project("{FAE04EC0-301F-11D3-BF4B-00C04F79EFBC}") = "OfferService.Test", "OfferService.Test\OfferService.Test.csproj", "{9BFD9B4B-5F60-47B3-9D1D-E152A639E37B}"
EndProject
Project("{FAE04EC0-301F-11D3-BF4B-00C04F79EFBC}") = "PolicyService", "PolicyService\PolicyService.csproj", "{BCCD9F9B-1973-4BE5-90DC-081AA3553383}"
EndProject
Project("{FAE04EC0-301F-11D3-BF4B-00C04F79EFBC}") = "PolicyService.Api", "PolicyService.Api\PolicyService.Api.csproj", "{357CF16F-385B-488D-B33C-59C670726A8B}"
EndProject
Project("{FAE04EC0-301F-11D3-BF4B-00C04F79EFBC}") = "PolicyService.Test", "PolicyService.Test\PolicyService.Test.csproj", "{20964E5D-089C-4588-95AB-6FD13232CB40}"
EndProject
Project("{FAE04EC0-301F-11D3-BF4B-00C04F79EFBC}") = "DocumentService", "DocumentService\DocumentService.csproj", "{8D692CE4-E244-4837-9C91-45F3A5299497}"
EndProject
Project("{FAE04EC0-301F-11D3-BF4B-00C04F79EFBC}") = "DocumentService.Api", "DocumentService.Api\DocumentService.Api.csproj", "{5CDDC1AF-1FB0-4ECC-BA60-D50433AA5A55}"
EndProject
Project("{FAE04EC0-301F-11D3-BF4B-00C04F79EFBC}") = "DocumentService.Test", "DocumentService.Test\DocumentService.Test.csproj", "{A73EDC49-5851-4C99-9870-542DE0754EC9}"
EndProject
Project("{FAE04EC0-301F-11D3-BF4B-00C04F79EFBC}") = "ChatService", "ChatService\ChatService.csproj", "{E49C8C1D-C958-4981-92CA-2738DDDF1FA0}"
EndProject
Project("{FAE04EC0-301F-11D3-BF4B-00C04F79EFBC}") = "ChatService.Api", "ChatService.Api\ChatService.Api.csproj", "{552A5D8F-878F-499A-A416-B8978DD6F244}"
EndProject
Project("{FAE04EC0-301F-11D3-BF4B-00C04F79EFBC}") = "ChatService.Test", "ChatService.Test\ChatService.Test.csproj", "{4DF1298C-A503-42E5-B7FF-C50DB3376345}"
EndProject
Global
	GlobalSection(SolutionConfigurationPlatforms) = preSolution
		Debug|Any CPU = Debug|Any CPU
		Release|Any CPU = Release|Any CPU
	EndGlobalSection
	GlobalSection(ProjectConfigurationPlatforms) = postSolution
		{C64BD17B-A3D2-4C62-879F-3E91EE950515}.Debug|Any CPU.ActiveCfg = Debug|Any CPU
		{C64BD17B-A3D2-4C62-879F-3E91EE950515}.Debug|Any CPU.Build.0 = Debug|Any CPU
		{C64BD17B-A3D2-4C62-879F-3E91EE950515}.Release|Any CPU.ActiveCfg = Release|Any CPU
		{C64BD17B-A3D2-4C62-879F-3E91EE950515}.Release|Any CPU.Build.0 = Release|Any CPU
		{0E34F68A-259F-4AC6-ACA2-E8BA98A3FBCA}.Debug|Any CPU.ActiveCfg = Debug|Any CPU
		{0E34F68A-259F-4AC6-ACA2-E8BA98A3FBCA}.Debug|Any CPU.Build.0 = Debug|Any CPU
		{0E34F68A-259F-4AC6-ACA2-E8BA98A3FBCA}.Release|Any CPU.ActiveCfg = Release|Any CPU
		{0E34F68A-259F-4AC6-ACA2-E8BA98A3FBCA}.Release|Any CPU.Build.0 = Release|Any CPU
		{41953B29-E717-4F40-A810-759FBC268F12}.Debug|Any CPU.ActiveCfg = Debug|Any CPU
		{41953B29-E717-4F40-A810-759FBC268F12}.Debug|Any CPU.Build.0 = Debug|Any CPU
		{41953B29-E717-4F40-A810-759FBC268F12}.Release|Any CPU.ActiveCfg = Release|Any CPU
		{41953B29-E717-4F40-A810-759FBC268F12}.Release|Any CPU.Build.0 = Release|Any CPU
		{9C4302E5-3B9C-4381-8830-1A3FDCBB35F2}.Debug|Any CPU.ActiveCfg = Debug|Any CPU
		{9C4302E5-3B9C-4381-8830-1A3FDCBB35F2}.Debug|Any CPU.Build.0 = Debug|Any CPU
		{9C4302E5-3B9C-4381-8830-1A3FDCBB35F2}.Release|Any CPU.ActiveCfg = Release|Any CPU
		{9C4302E5-3B9C-4381-8830-1A3FDCBB35F2}.Release|Any CPU.Build.0 = Release|Any CPU
		{AB1041CD-C41B-472B-BD4A-E7FA23DEE1FD}.Debug|Any CPU.ActiveCfg = Debug|Any CPU
		{AB1041CD-C41B-472B-BD4A-E7FA23DEE1FD}.Debug|Any CPU.Build.0 = Debug|Any CPU
		{AB1041CD-C41B-472B-BD4A-E7FA23DEE1FD}.Release|Any CPU.ActiveCfg = Release|Any CPU
		{AB1041CD-C41B-472B-BD4A-E7FA23DEE1FD}.Release|Any CPU.Build.0 = Release|Any CPU
		{362E2689-E1CE-478F-81FA-C28DF5402E0D}.Debug|Any CPU.ActiveCfg = Debug|Any CPU
		{362E2689-E1CE-478F-81FA-C28DF5402E0D}.Debug|Any CPU.Build.0 = Debug|Any CPU
		{362E2689-E1CE-478F-81FA-C28DF5402E0D}.Release|Any CPU.ActiveCfg = Release|Any CPU
		{362E2689-E1CE-478F-81FA-C28DF5402E0D}.Release|Any CPU.Build.0 = Release|Any CPU
		{82992C01-CBF9-4C90-9706-807EF57BA45D}.Debug|Any CPU.ActiveCfg = Debug|Any CPU
		{82992C01-CBF9-4C90-9706-807EF57BA45D}.Debug|Any CPU.Build.0 = Debug|Any CPU
		{82992C01-CBF9-4C90-9706-807EF57BA45D}.Release|Any CPU.ActiveCfg = Release|Any CPU
		{82992C01-CBF9-4C90-9706-807EF57BA45D}.Release|Any CPU.Build.0 = Release|Any CPU
		{A4C60F13-3807-487A-AD06-8F7604C07AA2}.Debug|Any CPU.ActiveCfg = Debug|Any CPU
		{A4C60F13-3807-487A-AD06-8F7604C07AA2}.Debug|Any CPU.Build.0 = Debug|Any CPU
		{A4C60F13-3807-487A-AD06-8F7604C07AA2}.Release|Any CPU.ActiveCfg = Release|Any CPU
		{A4C60F13-3807-487A-AD06-8F7604C07AA2}.Release|Any CPU.Build.0 = Release|Any CPU
		{9BFD9B4B-5F60-47B3-9D1D-E152A639E37B}.Debug|Any CPU.ActiveCfg = Debug|Any CPU
		{9BFD9B4B-5F60-47B3-9D1D-E152A639E37B}.Debug|Any CPU.Build.0 = Debug|Any CPU
		{9BFD9B4B-5F60-47B3-9D1D-E152A639E37B}.Release|Any CPU.ActiveCfg = Release|Any CPU
		{9BFD9B4B-5F60-47B3-9D1D-E152A639E37B}.Release|Any CPU.Build.0 = Release|Any CPU
		{BCCD9F9B-1973-4BE5-90DC-081AA3553383}.Debug|Any CPU.ActiveCfg = Debug|Any CPU
		{BCCD9F9B-1973-4BE5-90DC-081AA3553383}.Debug|Any CPU.Build.0 = Debug|Any CPU
		{BCCD9F9B-1973-4BE5-90DC-081AA3553383}.Release|Any CPU.ActiveCfg = Release|Any CPU
		{BCCD9F9B-1973-4BE5-90DC-081AA3553383}.Release|Any CPU.Build.0 = Release|Any CPU
		{357CF16F-385B-488D-B33C-59C670726A8B}.Debug|Any CPU.ActiveCfg = Debug|Any CPU
		{357CF16F-385B-488D-B33C-59C670726A8B}.Debug|Any CPU.Build.0 = Debug|Any CPU
		{357CF16F-385B-488D-B33C-59C670726A8B}.Release|Any CPU.ActiveCfg = Release|Any CPU
		{357CF16F-385B-488D-B33C-59C670726A8B}.Release|Any CPU.Build.0 = Release|Any CPU
		{20964E5D-089C-4588-95AB-6FD13232CB40}.Debug|Any CPU.ActiveCfg = Debug|Any CPU
		{20964E5D-089C-4588-95AB-6FD13232CB40}.Debug|Any CPU.Build.0 = Debug|Any CPU
		{20964E5D-089C-4588-95AB-6FD13232CB40}.Release|Any CPU.ActiveCfg = Release|Any CPU
		{20964E5D-089C-4588-95AB-6FD13232CB40}.Release|Any CPU.Build.0 = Release|Any CPU
		{8D692CE4-E244-4837-9C91-45F3A5299497}.Debug|Any CPU.ActiveCfg = Debug|Any CPU
		{8D692CE4-E244-4837-9C91-45F3A5299497}.Debug|Any CPU.Build.0 = Debug|Any CPU
		{8D692CE4-E244-4837-9C91-45F3A5299497}.Release|Any CPU.ActiveCfg = Release|Any CPU
		{8D692CE4-E244-4837-9C91-45F3A5299497}.Release|Any CPU.Build.0 = Release|Any CPU
		{5CDDC1AF-1FB0-4ECC-BA60-D50433AA5A55}.Debug|Any CPU.ActiveCfg = Debug|Any CPU
		{5CDDC1AF-1FB0-4ECC-BA60-D50433AA5A55}.Debug|Any CPU.Build.0 = Debug|Any CPU
		{5CDDC1AF-1FB0-4ECC-BA60-D50433AA5A55}.Release|Any CPU.ActiveCfg = Release|Any CPU
		{5CDDC1AF-1FB0-4ECC-BA60-D50433AA5A55}.Release|Any CPU.Build.0 = Release|Any CPU
		{A73EDC49-5851-4C99-9870-542DE0754EC9}.Debug|Any CPU.ActiveCfg = Debug|Any CPU
		{A73EDC49-5851-4C99-9870-542DE0754EC9}.Debug|Any CPU.Build.0 = Debug|Any CPU
		{A73EDC49-5851-4C99-9870-542DE0754EC9}.Release|Any CPU.ActiveCfg = Release|Any CPU
		{A73EDC49-5851-4C99-9870-542DE0754EC9}.Release|Any CPU.Build.0 = Release|Any CPU
		{E49C8C1D-C958-4981-92CA-2738DDDF1FA0}.Debug|Any CPU.ActiveCfg = Debug|Any CPU
		{E49C8C1D-C958-4981-92CA-2738DDDF1FA0}.Debug|Any CPU.Build.0 = Debug|Any CPU
		{E49C8C1D-C958-4981-92CA-2738DDDF1FA0}.Release|Any CPU.ActiveCfg = Release|Any CPU
		{E49C8C1D-C958-4981-92CA-2738DDDF1FA0}.Release|Any CPU.Build.0 = Release|Any CPU
		{552A5D8F-878F-499A-A416-B8978DD6F244}.Debug|Any CPU.ActiveCfg = Debug|Any CPU
		{552A5D8F-878F-499A-A416-B8978DD6F244}.Debug|Any CPU.Build.0 = Debug|Any CPU
		{552A5D8F-878F-499A-A416-B8978DD6F244}.Release|Any CPU.ActiveCfg = Release|Any CPU
		{552A5D8F-878F-499A-A416-B8978DD6F244}.Release|Any CPU.Build.0 = Release|Any CPU
		{4DF1298C-A503-42E5-B7FF-C50DB3376345}.Debug|Any CPU.ActiveCfg = Debug|Any CPU
		{4DF1298C-A503-42E5-B7FF-C50DB3376345}.Debug|Any CPU.Build.0 = Debug|Any CPU
		{4DF1298C-A503-42E5-B7FF-C50DB3376345}.Release|Any CPU.ActiveCfg = Release|Any CPU
		{4DF1298C-A503-42E5-B7FF-C50DB3376345}.Release|Any CPU.Build.0 = Release|Any CPU
	EndGlobalSection
	GlobalSection(SolutionProperties) = preSolution
		HideSolutionNode = FALSE
	EndGlobalSection
	GlobalSection(ExtensibilityGlobals) = postSolution
		SolutionGuid = {B0993B71-DFEC-47DA-8A80-03450EF19AAD}
	EndGlobalSection
EndGlobal
